[[package]]
name = "axel"
version = "0.2.0"
dependencies = [
 "bitflags 1.0.4 (registry+https://github.com/rust-lang/crates.io-index)",
 "lazy_static 1.1.0 (registry+https://github.com/rust-lang/crates.io-index)",
 "multiboot2 0.7.1 (git+https://github.com/phil-opp/multiboot2-elf64.git)",
 "rlibc 1.0.0 (registry+https://github.com/rust-lang/crates.io-index)",
 "spin 0.4.9 (registry+https://github.com/rust-lang/crates.io-index)",
]

[[package]]
name = "bitflags"
version = "1.0.4"
source = "registry+https://github.com/rust-lang/crates.io-index"

[[package]]
name = "lazy_static"
version = "1.1.0"
source = "registry+https://github.com/rust-lang/crates.io-index"
dependencies = [
 "spin 0.4.9 (registry+https://github.com/rust-lang/crates.io-index)",
 "version_check 0.1.5 (registry+https://github.com/rust-lang/crates.io-index)",
]

[[package]]
name = "multiboot2"
version = "0.7.1"
source = "git+https://github.com/phil-opp/multiboot2-elf64.git#b80bb1852f9c500f025909fc5376a3c072f8c2dc"
dependencies = [
 "bitflags 1.0.4 (registry+https://github.com/rust-lang/crates.io-index)",
]

[[package]]
name = "rlibc"
version = "1.0.0"
source = "registry+https://github.com/rust-lang/crates.io-index"

[[package]]
name = "spin"
version = "0.4.9"
source = "registry+https://github.com/rust-lang/crates.io-index"

[[package]]
name = "version_check"
version = "0.1.5"
source = "registry+https://github.com/rust-lang/crates.io-index"

[metadata]
"checksum bitflags 1.0.4 (registry+https://github.com/rust-lang/crates.io-index)" = "228047a76f468627ca71776ecdebd732a3423081fcf5125585bcd7c49886ce12"
"checksum lazy_static 1.1.0 (registry+https://github.com/rust-lang/crates.io-index)" = "ca488b89a5657b0a2ecd45b95609b3e848cf1755da332a0da46e2b2b1cb371a7"
"checksum multiboot2 0.7.1 (git+https://github.com/phil-opp/multiboot2-elf64.git)" = "<none>"
"checksum rlibc 1.0.0 (registry+https://github.com/rust-lang/crates.io-index)" = "fc874b127765f014d792f16763a81245ab80500e2ad921ed4ee9e82481ee08fe"
"checksum spin 0.4.9 (registry+https://github.com/rust-lang/crates.io-index)" = "37b5646825922b96b5d7d676b5bb3458a54498e96ed7b0ce09dc43a07038fea4"
"checksum version_check 0.1.5 (registry+https://github.com/rust-lang/crates.io-index)" = "914b1a6776c4c929a602fafd8bc742e06365d4bcbe48c30f9cca5824f70dc9dd"
